
Microsoft Visual Studio Solution File, Format Version 12.00
# Visual Studio Version 17
VisualStudioVersion = 17.11.35312.102
MinimumVisualStudioVersion = 10.0.40219.1
Project("{FAE04EC0-301F-11D3-BF4B-00C04F79EFBC}") = "dotnet_vue_api.Server", "dotnet_vue_api.Server\dotnet_vue_api.Server.csproj", "{5DA67926-CBD7-4BBB-B405-862B4A5690BA}"
EndProject
Project("{54A90642-561A-4BB1-A94E-469ADEE60C69}") = "dotnet_vue_api.client", "dotnet_vue_api.client\dotnet_vue_api.client.esproj", "{58DEFD21-A06A-4E8F-8EF4-A3262BD5C298}"
EndProject
Global
	GlobalSection(SolutionConfigurationPlatforms) = preSolution
		Debug|Any CPU = Debug|Any CPU
		Release|Any CPU = Release|Any CPU
	EndGlobalSection
	GlobalSection(ProjectConfigurationPlatforms) = postSolution
		{5DA67926-CBD7-4BBB-B405-862B4A5690BA}.Debug|Any CPU.ActiveCfg = Debug|Any CPU
		{5DA67926-CBD7-4BBB-B405-862B4A5690BA}.Debug|Any CPU.Build.0 = Debug|Any CPU
		{5DA67926-CBD7-4BBB-B405-862B4A5690BA}.Release|Any CPU.ActiveCfg = Release|Any CPU
		{5DA67926-CBD7-4BBB-B405-862B4A5690BA}.Release|Any CPU.Build.0 = Release|Any CPU
		{58DEFD21-A06A-4E8F-8EF4-A3262BD5C298}.Debug|Any CPU.ActiveCfg = Debug|Any CPU
		{58DEFD21-A06A-4E8F-8EF4-A3262BD5C298}.Debug|Any CPU.Build.0 = Debug|Any CPU
		{58DEFD21-A06A-4E8F-8EF4-A3262BD5C298}.Debug|Any CPU.Deploy.0 = Debug|Any CPU
		{58DEFD21-A06A-4E8F-8EF4-A3262BD5C298}.Release|Any CPU.ActiveCfg = Release|Any CPU
		{58DEFD21-A06A-4E8F-8EF4-A3262BD5C298}.Release|Any CPU.Build.0 = Release|Any CPU
		{58DEFD21-A06A-4E8F-8EF4-A3262BD5C298}.Release|Any CPU.Deploy.0 = Release|Any CPU
	EndGlobalSection
	GlobalSection(SolutionProperties) = preSolution
		HideSolutionNode = FALSE
	EndGlobalSection
	GlobalSection(ExtensibilityGlobals) = postSolution
		SolutionGuid = {B38F3670-5138-4BE4-A0C2-372120FF5621}
	EndGlobalSection
EndGlobal
